// !$*UTF8*$!
{
	archiveVersion = 1;
	classes = {
	};
	objectVersion = 46;
	objects = {

/* Begin PBXBuildFile section */
		934C9E831896A128004CD4B1 /* Foundation.framework in Frameworks */ = {isa = PBXBuildFile; fileRef = 934C9E821896A128004CD4B1 /* Foundation.framework */; };
		934C9E851896A128004CD4B1 /* CoreGraphics.framework in Frameworks */ = {isa = PBXBuildFile; fileRef = 934C9E841896A128004CD4B1 /* CoreGraphics.framework */; };
		934C9E871896A128004CD4B1 /* UIKit.framework in Frameworks */ = {isa = PBXBuildFile; fileRef = 934C9E861896A128004CD4B1 /* UIKit.framework */; };
		934C9E8D1896A128004CD4B1 /* InfoPlist.strings in Resources */ = {isa = PBXBuildFile; fileRef = 934C9E8B1896A128004CD4B1 /* InfoPlist.strings */; };
		934C9E8F1896A128004CD4B1 /* main.m in Sources */ = {isa = PBXBuildFile; fileRef = 934C9E8E1896A128004CD4B1 /* main.m */; };
		934C9E931896A128004CD4B1 /* AppDelegate.m in Sources */ = {isa = PBXBuildFile; fileRef = 934C9E921896A128004CD4B1 /* AppDelegate.m */; };
		934C9E961896A128004CD4B1 /* Main.storyboard in Resources */ = {isa = PBXBuildFile; fileRef = 934C9E941896A128004CD4B1 /* Main.storyboard */; };
		934C9E991896A128004CD4B1 /* ViewController.m in Sources */ = {isa = PBXBuildFile; fileRef = 934C9E981896A128004CD4B1 /* ViewController.m */; };
		934C9E9B1896A128004CD4B1 /* Images.xcassets in Resources */ = {isa = PBXBuildFile; fileRef = 934C9E9A1896A128004CD4B1 /* Images.xcassets */; };
		934C9EA21896A128004CD4B1 /* XCTest.framework in Frameworks */ = {isa = PBXBuildFile; fileRef = 934C9EA11896A128004CD4B1 /* XCTest.framework */; };
		934C9EA31896A128004CD4B1 /* Foundation.framework in Frameworks */ = {isa = PBXBuildFile; fileRef = 934C9E821896A128004CD4B1 /* Foundation.framework */; };
		934C9EA41896A128004CD4B1 /* UIKit.framework in Frameworks */ = {isa = PBXBuildFile; fileRef = 934C9E861896A128004CD4B1 /* UIKit.framework */; };
		934C9EAC1896A128004CD4B1 /* InfoPlist.strings in Resources */ = {isa = PBXBuildFile; fileRef = 934C9EAA1896A128004CD4B1 /* InfoPlist.strings */; };
		934C9EAE1896A128004CD4B1 /* MK_SimpleAppTests.m in Sources */ = {isa = PBXBuildFile; fileRef = 934C9EAD1896A128004CD4B1 /* MK_SimpleAppTests.m */; };
/* End PBXBuildFile section */

/* Begin PBXContainerItemProxy section */
		934C9EA51896A128004CD4B1 /* PBXContainerItemProxy */ = {
			isa = PBXContainerItemProxy;
			containerPortal = 934C9E771896A128004CD4B1 /* Project object */;
			proxyType = 1;
			remoteGlobalIDString = 934C9E7E1896A128004CD4B1;
			remoteInfo = MK_SimpleApp;
		};
/* End PBXContainerItemProxy section */

/* Begin PBXFileReference section */
		934C9E7F1896A128004CD4B1 /* MK_SimpleApp.app */ = {isa = PBXFileReference; explicitFileType = wrapper.application; includeInIndex = 0; path = MK_SimpleApp.app; sourceTree = BUILT_PRODUCTS_DIR; };
		934C9E821896A128004CD4B1 /* Foundation.framework */ = {isa = PBXFileReference; lastKnownFileType = wrapper.framework; name = Foundation.framework; path = System/Library/Frameworks/Foundation.framework; sourceTree = SDKROOT; };
		934C9E841896A128004CD4B1 /* CoreGraphics.framework */ = {isa = PBXFileReference; lastKnownFileType = wrapper.framework; name = CoreGraphics.framework; path = System/Library/Frameworks/CoreGraphics.framework; sourceTree = SDKROOT; };
		934C9E861896A128004CD4B1 /* UIKit.framework */ = {isa = PBXFileReference; lastKnownFileType = wrapper.framework; name = UIKit.framework; path = System/Library/Frameworks/UIKit.framework; sourceTree = SDKROOT; };
		934C9E8A1896A128004CD4B1 /* MK_SimpleApp-Info.plist */ = {isa = PBXFileReference; lastKnownFileType = text.plist.xml; path = "MK_SimpleApp-Info.plist"; sourceTree = "<group>"; };
		934C9E8C1896A128004CD4B1 /* en */ = {isa = PBXFileReference; lastKnownFileType = text.plist.strings; name = en; path = en.lproj/InfoPlist.strings; sourceTree = "<group>"; };
		934C9E8E1896A128004CD4B1 /* main.m */ = {isa = PBXFileReference; lastKnownFileType = sourcecode.c.objc; path = main.m; sourceTree = "<group>"; };
		934C9E901896A128004CD4B1 /* MK_SimpleApp-Prefix.pch */ = {isa = PBXFileReference; lastKnownFileType = sourcecode.c.h; path = "MK_SimpleApp-Prefix.pch"; sourceTree = "<group>"; };
		934C9E911896A128004CD4B1 /* AppDelegate.h */ = {isa = PBXFileReference; lastKnownFileType = sourcecode.c.h; path = AppDelegate.h; sourceTree = "<group>"; };
		934C9E921896A128004CD4B1 /* AppDelegate.m */ = {isa = PBXFileReference; lastKnownFileType = sourcecode.c.objc; path = AppDelegate.m; sourceTree = "<group>"; };
		934C9E951896A128004CD4B1 /* Base */ = {isa = PBXFileReference; lastKnownFileType = file.storyboard; name = Base; path = Base.lproj/Main.storyboard; sourceTree = "<group>"; };
		934C9E971896A128004CD4B1 /* ViewController.h */ = {isa = PBXFileReference; lastKnownFileType = sourcecode.c.h; path = ViewController.h; sourceTree = "<group>"; };
		934C9E981896A128004CD4B1 /* ViewController.m */ = {isa = PBXFileReference; lastKnownFileType = sourcecode.c.objc; path = ViewController.m; sourceTree = "<group>"; };
		934C9E9A1896A128004CD4B1 /* Images.xcassets */ = {isa = PBXFileReference; lastKnownFileType = folder.assetcatalog; path = Images.xcassets; sourceTree = "<group>"; };
		934C9EA01896A128004CD4B1 /* MK_SimpleAppTests.xctest */ = {isa = PBXFileReference; explicitFileType = wrapper.cfbundle; includeInIndex = 0; path = MK_SimpleAppTests.xctest; sourceTree = BUILT_PRODUCTS_DIR; };
		934C9EA11896A128004CD4B1 /* XCTest.framework */ = {isa = PBXFileReference; lastKnownFileType = wrapper.framework; name = XCTest.framework; path = Library/Frameworks/XCTest.framework; sourceTree = DEVELOPER_DIR; };
		934C9EA91896A128004CD4B1 /* MK_SimpleAppTests-Info.plist */ = {isa = PBXFileReference; lastKnownFileType = text.plist.xml; path = "MK_SimpleAppTests-Info.plist"; sourceTree = "<group>"; };
		934C9EAB1896A128004CD4B1 /* en */ = {isa = PBXFileReference; lastKnownFileType = text.plist.strings; name = en; path = en.lproj/InfoPlist.strings; sourceTree = "<group>"; };
		934C9EAD1896A128004CD4B1 /* MK_SimpleAppTests.m */ = {isa = PBXFileReference; lastKnownFileType = sourcecode.c.objc; path = MK_SimpleAppTests.m; sourceTree = "<group>"; };
/* End PBXFileReference section */

/* Begin PBXFrameworksBuildPhase section */
		934C9E7C1896A128004CD4B1 /* Frameworks */ = {
			isa = PBXFrameworksBuildPhase;
			buildActionMask = 2147483647;
			files = (
				934C9E851896A128004CD4B1 /* CoreGraphics.framework in Frameworks */,
				934C9E871896A128004CD4B1 /* UIKit.framework in Frameworks */,
				934C9E831896A128004CD4B1 /* Foundation.framework in Frameworks */,
			);
			runOnlyForDeploymentPostprocessing = 0;
		};
		934C9E9D1896A128004CD4B1 /* Frameworks */ = {
			isa = PBXFrameworksBuildPhase;
			buildActionMask = 2147483647;
			files = (
				934C9EA21896A128004CD4B1 /* XCTest.framework in Frameworks */,
				934C9EA41896A128004CD4B1 /* UIKit.framework in Frameworks */,
				934C9EA31896A128004CD4B1 /* Foundation.framework in Frameworks */,
			);
			runOnlyForDeploymentPostprocessing = 0;
		};
/* End PBXFrameworksBuildPhase section */

/* Begin PBXGroup section */
		934C9E761896A128004CD4B1 = {
			isa = PBXGroup;
			children = (
				934C9E881896A128004CD4B1 /* MK_SimpleApp */,
				934C9EA71896A128004CD4B1 /* MK_SimpleAppTests */,
				934C9E811896A128004CD4B1 /* Frameworks */,
				934C9E801896A128004CD4B1 /* Products */,
			);
			sourceTree = "<group>";
		};
		934C9E801896A128004CD4B1 /* Products */ = {
			isa = PBXGroup;
			children = (
				934C9E7F1896A128004CD4B1 /* MK_SimpleApp.app */,
				934C9EA01896A128004CD4B1 /* MK_SimpleAppTests.xctest */,
			);
			name = Products;
			sourceTree = "<group>";
		};
		934C9E811896A128004CD4B1 /* Frameworks */ = {
			isa = PBXGroup;
			children = (
				934C9E821896A128004CD4B1 /* Foundation.framework */,
				934C9E841896A128004CD4B1 /* CoreGraphics.framework */,
				934C9E861896A128004CD4B1 /* UIKit.framework */,
				934C9EA11896A128004CD4B1 /* XCTest.framework */,
			);
			name = Frameworks;
			sourceTree = "<group>";
		};
		934C9E881896A128004CD4B1 /* MK_SimpleApp */ = {
			isa = PBXGroup;
			children = (
				934C9E911896A128004CD4B1 /* AppDelegate.h */,
				934C9E921896A128004CD4B1 /* AppDelegate.m */,
				934C9E941896A128004CD4B1 /* Main.storyboard */,
				934C9E971896A128004CD4B1 /* ViewController.h */,
				934C9E981896A128004CD4B1 /* ViewController.m */,
				934C9E9A1896A128004CD4B1 /* Images.xcassets */,
				934C9E891896A128004CD4B1 /* Supporting Files */,
			);
			path = MK_SimpleApp;
			sourceTree = "<group>";
		};
		934C9E891896A128004CD4B1 /* Supporting Files */ = {
			isa = PBXGroup;
			children = (
				934C9E8A1896A128004CD4B1 /* MK_SimpleApp-Info.plist */,
				934C9E8B1896A128004CD4B1 /* InfoPlist.strings */,
				934C9E8E1896A128004CD4B1 /* main.m */,
				934C9E901896A128004CD4B1 /* MK_SimpleApp-Prefix.pch */,
			);
			name = "Supporting Files";
			sourceTree = "<group>";
		};
		934C9EA71896A128004CD4B1 /* MK_SimpleAppTests */ = {
			isa = PBXGroup;
			children = (
				934C9EAD1896A128004CD4B1 /* MK_SimpleAppTests.m */,
				934C9EA81896A128004CD4B1 /* Supporting Files */,
			);
			path = MK_SimpleAppTests;
			sourceTree = "<group>";
		};
		934C9EA81896A128004CD4B1 /* Supporting Files */ = {
			isa = PBXGroup;
			children = (
				934C9EA91896A128004CD4B1 /* MK_SimpleAppTests-Info.plist */,
				934C9EAA1896A128004CD4B1 /* InfoPlist.strings */,
			);
			name = "Supporting Files";
			sourceTree = "<group>";
		};
/* End PBXGroup section */

/* Begin PBXNativeTarget section */
		934C9E7E1896A128004CD4B1 /* MK_SimpleApp */ = {
			isa = PBXNativeTarget;
			buildConfigurationList = 934C9EB11896A128004CD4B1 /* Build configuration list for PBXNativeTarget "MK_SimpleApp" */;
			buildPhases = (
				934C9E7B1896A128004CD4B1 /* Sources */,
				934C9E7C1896A128004CD4B1 /* Frameworks */,
				934C9E7D1896A128004CD4B1 /* Resources */,
			);
			buildRules = (
			);
			dependencies = (
			);
			name = MK_SimpleApp;
			productName = MK_SimpleApp;
			productReference = 934C9E7F1896A128004CD4B1 /* MK_SimpleApp.app */;
			productType = "com.apple.product-type.application";
		};
		934C9E9F1896A128004CD4B1 /* MK_SimpleAppTests */ = {
			isa = PBXNativeTarget;
			buildConfigurationList = 934C9EB41896A128004CD4B1 /* Build configuration list for PBXNativeTarget "MK_SimpleAppTests" */;
			buildPhases = (
				934C9E9C1896A128004CD4B1 /* Sources */,
				934C9E9D1896A128004CD4B1 /* Frameworks */,
				934C9E9E1896A128004CD4B1 /* Resources */,
			);
			buildRules = (
			);
			dependencies = (
				934C9EA61896A128004CD4B1 /* PBXTargetDependency */,
			);
			name = MK_SimpleAppTests;
			productName = MK_SimpleAppTests;
			productReference = 934C9EA01896A128004CD4B1 /* MK_SimpleAppTests.xctest */;
			productType = "com.apple.product-type.bundle.unit-test";
		};
/* End PBXNativeTarget section */

/* Begin PBXProject section */
		934C9E771896A128004CD4B1 /* Project object */ = {
			isa = PBXProject;
			attributes = {
				LastUpgradeCheck = 0500;
				ORGANIZATIONNAME = MK;
				TargetAttributes = {
					934C9E9F1896A128004CD4B1 = {
						TestTargetID = 934C9E7E1896A128004CD4B1;
					};
				};
			};
			buildConfigurationList = 934C9E7A1896A128004CD4B1 /* Build configuration list for PBXProject "MK_SimpleApp" */;
			compatibilityVersion = "Xcode 3.2";
			developmentRegion = English;
			hasScannedForEncodings = 0;
			knownRegions = (
				en,
				Base,
			);
			mainGroup = 934C9E761896A128004CD4B1;
			productRefGroup = 934C9E801896A128004CD4B1 /* Products */;
			projectDirPath = "";
			projectRoot = "";
			targets = (
				934C9E7E1896A128004CD4B1 /* MK_SimpleApp */,
				934C9E9F1896A128004CD4B1 /* MK_SimpleAppTests */,
			);
		};
/* End PBXProject section */

/* Begin PBXResourcesBuildPhase section */
		934C9E7D1896A128004CD4B1 /* Resources */ = {
			isa = PBXResourcesBuildPhase;
			buildActionMask = 2147483647;
			files = (
				934C9E9B1896A128004CD4B1 /* Images.xcassets in Resources */,
				934C9E8D1896A128004CD4B1 /* InfoPlist.strings in Resources */,
				934C9E961896A128004CD4B1 /* Main.storyboard in Resources */,
			);
			runOnlyForDeploymentPostprocessing = 0;
		};
		934C9E9E1896A128004CD4B1 /* Resources */ = {
			isa = PBXResourcesBuildPhase;
			buildActionMask = 2147483647;
			files = (
				934C9EAC1896A128004CD4B1 /* InfoPlist.strings in Resources */,
			);
			runOnlyForDeploymentPostprocessing = 0;
		};
/* End PBXResourcesBuildPhase section */

/* Begin PBXSourcesBuildPhase section */
		934C9E7B1896A128004CD4B1 /* Sources */ = {
			isa = PBXSourcesBuildPhase;
			buildActionMask = 2147483647;
			files = (
				934C9E991896A128004CD4B1 /* ViewController.m in Sources */,
				934C9E931896A128004CD4B1 /* AppDelegate.m in Sources */,
				934C9E8F1896A128004CD4B1 /* main.m in Sources */,
			);
			runOnlyForDeploymentPostprocessing = 0;
		};
		934C9E9C1896A128004CD4B1 /* Sources */ = {
			isa = PBXSourcesBuildPhase;
			buildActionMask = 2147483647;
			files = (
				934C9EAE1896A128004CD4B1 /* MK_SimpleAppTests.m in Sources */,
			);
			runOnlyForDeploymentPostprocessing = 0;
		};
/* End PBXSourcesBuildPhase section */

/* Begin PBXTargetDependency section */
		934C9EA61896A128004CD4B1 /* PBXTargetDependency */ = {
			isa = PBXTargetDependency;
			target = 934C9E7E1896A128004CD4B1 /* MK_SimpleApp */;
			targetProxy = 934C9EA51896A128004CD4B1 /* PBXContainerItemProxy */;
		};
/* End PBXTargetDependency section */

/* Begin PBXVariantGroup section */
		934C9E8B1896A128004CD4B1 /* InfoPlist.strings */ = {
			isa = PBXVariantGroup;
			children = (
				934C9E8C1896A128004CD4B1 /* en */,
			);
			name = InfoPlist.strings;
			sourceTree = "<group>";
		};
		934C9E941896A128004CD4B1 /* Main.storyboard */ = {
			isa = PBXVariantGroup;
			children = (
				934C9E951896A128004CD4B1 /* Base */,
			);
			name = Main.storyboard;
			sourceTree = "<group>";
		};
		934C9EAA1896A128004CD4B1 /* InfoPlist.strings */ = {
			isa = PBXVariantGroup;
			children = (
				934C9EAB1896A128004CD4B1 /* en */,
			);
			name = InfoPlist.strings;
			sourceTree = "<group>";
		};
/* End PBXVariantGroup section */

/* Begin XCBuildConfiguration section */
		934C9EAF1896A128004CD4B1 /* Debug */ = {
			isa = XCBuildConfiguration;
			buildSettings = {
				ALWAYS_SEARCH_USER_PATHS = NO;
				ARCHS = "$(ARCHS_STANDARD_INCLUDING_64_BIT)";
				CLANG_CXX_LANGUAGE_STANDARD = "gnu++0x";
				CLANG_CXX_LIBRARY = "libc++";
				CLANG_ENABLE_MODULES = YES;
				CLANG_ENABLE_OBJC_ARC = YES;
				CLANG_WARN_BOOL_CONVERSION = YES;
				CLANG_WARN_CONSTANT_CONVERSION = YES;
				CLANG_WARN_DIRECT_OBJC_ISA_USAGE = YES_ERROR;
				CLANG_WARN_EMPTY_BODY = YES;
				CLANG_WARN_ENUM_CONVERSION = YES;
				CLANG_WARN_INT_CONVERSION = YES;
				CLANG_WARN_OBJC_ROOT_CLASS = YES_ERROR;
				CLANG_WARN__DUPLICATE_METHOD_MATCH = YES;
				"CODE_SIGN_IDENTITY[sdk=iphoneos*]" = "iPhone Developer";
				COPY_PHASE_STRIP = NO;
				GCC_C_LANGUAGE_STANDARD = gnu99;
				GCC_DYNAMIC_NO_PIC = NO;
				GCC_OPTIMIZATION_LEVEL = 0;
				GCC_PREPROCESSOR_DEFINITIONS = (
					"DEBUG=1",
					"$(inherited)",
				);
				GCC_SYMBOLS_PRIVATE_EXTERN = NO;
				GCC_WARN_64_TO_32_BIT_CONVERSION = YES;
				GCC_WARN_ABOUT_RETURN_TYPE = YES_ERROR;
				GCC_WARN_UNDECLARED_SELECTOR = YES;
				GCC_WARN_UNINITIALIZED_AUTOS = YES;
				GCC_WARN_UNUSED_FUNCTION = YES;
				GCC_WARN_UNUSED_VARIABLE = YES;
				IPHONEOS_DEPLOYMENT_TARGET = 7.0;
				ONLY_ACTIVE_ARCH = YES;
				SDKROOT = iphoneos;
			};
			name = Debug;
		};
		934C9EB01896A128004CD4B1 /* Release */ = {
			isa = XCBuildConfiguration;
			buildSettings = {
				ALWAYS_SEARCH_USER_PATHS = NO;
				ARCHS = "$(ARCHS_STANDARD_INCLUDING_64_BIT)";
				CLANG_CXX_LANGUAGE_STANDARD = "gnu++0x";
				CLANG_CXX_LIBRARY = "libc++";
				CLANG_ENABLE_MODULES = YES;
				CLANG_ENABLE_OBJC_ARC = YES;
				CLANG_WARN_BOOL_CONVERSION = YES;
				CLANG_WARN_CONSTANT_CONVERSION = YES;
				CLANG_WARN_DIRECT_OBJC_ISA_USAGE = YES_ERROR;
				CLANG_WARN_EMPTY_BODY = YES;
				CLANG_WARN_ENUM_CONVERSION = YES;
				CLANG_WARN_INT_CONVERSION = YES;
				CLANG_WARN_OBJC_ROOT_CLASS = YES_ERROR;
				CLANG_WARN__DUPLICATE_METHOD_MATCH = YES;
				"CODE_SIGN_IDENTITY[sdk=iphoneos*]" = "iPhone Developer";
				COPY_PHASE_STRIP = YES;
				ENABLE_NS_ASSERTIONS = NO;
				GCC_C_LANGUAGE_STANDARD = gnu99;
				GCC_WARN_64_TO_32_BIT_CONVERSION = YES;
				GCC_WARN_ABOUT_RETURN_TYPE = YES_ERROR;
				GCC_WARN_UNDECLARED_SELECTOR = YES;
				GCC_WARN_UNINITIALIZED_AUTOS = YES;
				GCC_WARN_UNUSED_FUNCTION = YES;
				GCC_WARN_UNUSED_VARIABLE = YES;
				IPHONEOS_DEPLOYMENT_TARGET = 7.0;
				SDKROOT = iphoneos;
				VALIDATE_PRODUCT = YES;
			};
			name = Release;
		};
		934C9EB21896A128004CD4B1 /* Debug */ = {
			isa = XCBuildConfiguration;
			buildSettings = {
				ASSETCATALOG_COMPILER_APPICON_NAME = AppIcon;
				ASSETCATALOG_COMPILER_LAUNCHIMAGE_NAME = LaunchImage;
				GCC_PRECOMPILE_PREFIX_HEADER = YES;
				GCC_PREFIX_HEADER = "MK_SimpleApp/MK_SimpleApp-Prefix.pch";
				INFOPLIST_FILE = "MK_SimpleApp/MK_SimpleApp-Info.plist";
				IPHONEOS_DEPLOYMENT_TARGET = 6.1;
				PRODUCT_NAME = "$(TARGET_NAME)";
				WRAPPER_EXTENSION = app;
			};
			name = Debug;
		};
		934C9EB31896A128004CD4B1 /* Release */ = {
			isa = XCBuildConfiguration;
			buildSettings = {
				ASSETCATALOG_COMPILER_APPICON_NAME = AppIcon;
				ASSETCATALOG_COMPILER_LAUNCHIMAGE_NAME = LaunchImage;
				GCC_PRECOMPILE_PREFIX_HEADER = YES;
				GCC_PREFIX_HEADER = "MK_SimpleApp/MK_SimpleApp-Prefix.pch";
				INFOPLIST_FILE = "MK_SimpleApp/MK_SimpleApp-Info.plist";
				IPHONEOS_DEPLOYMENT_TARGET = 6.1;
				PRODUCT_NAME = "$(TARGET_NAME)";
				WRAPPER_EXTENSION = app;
			};
			name = Release;
		};
		934C9EB51896A128004CD4B1 /* Debug */ = {
			isa = XCBuildConfiguration;
			buildSettings = {
				ARCHS = "$(ARCHS_STANDARD_INCLUDING_64_BIT)";
				BUNDLE_LOADER = "$(BUILT_PRODUCTS_DIR)/MK_SimpleApp.app/MK_SimpleApp";
				FRAMEWORK_SEARCH_PATHS = (
					"$(SDKROOT)/Developer/Library/Frameworks",
					"$(inherited)",
					"$(DEVELOPER_FRAMEWORKS_DIR)",
				);
				GCC_PRECOMPILE_PREFIX_HEADER = YES;
				GCC_PREFIX_HEADER = "MK_SimpleApp/MK_SimpleApp-Prefix.pch";
				GCC_PREPROCESSOR_DEFINITIONS = (
					"DEBUG=1",
					"$(inherited)",
				);
				INFOPLIST_FILE = "MK_SimpleAppTests/MK_SimpleAppTests-Info.plist";
				PRODUCT_NAME = "$(TARGET_NAME)";
				TEST_HOST = "$(BUNDLE_LOADER)";
				WRAPPER_EXTENSION = xctest;
			};
			name = Debug;
		};
		934C9EB61896A128004CD4B1 /* Release */ = {
			isa = XCBuildConfiguration;
			buildSettings = {
				ARCHS = "$(ARCHS_STANDARD_INCLUDING_64_BIT)";
				BUNDLE_LOADER = "$(BUILT_PRODUCTS_DIR)/MK_SimpleApp.app/MK_SimpleApp";
				FRAMEWORK_SEARCH_PATHS = (
					"$(SDKROOT)/Developer/Library/Frameworks",
					"$(inherited)",
					"$(DEVELOPER_FRAMEWORKS_DIR)",
				);
				GCC_PRECOMPILE_PREFIX_HEADER = YES;
				GCC_PREFIX_HEADER = "MK_SimpleApp/MK_SimpleApp-Prefix.pch";
				INFOPLIST_FILE = "MK_SimpleAppTests/MK_SimpleAppTests-Info.plist";
				PRODUCT_NAME = "$(TARGET_NAME)";
				TEST_HOST = "$(BUNDLE_LOADER)";
				WRAPPER_EXTENSION = xctest;
			};
			name = Release;
		};
/* End XCBuildConfiguration section */

/* Begin XCConfigurationList section */
		934C9E7A1896A128004CD4B1 /* Build configuration list for PBXProject "MK_SimpleApp" */ = {
			isa = XCConfigurationList;
			buildConfigurations = (
				934C9EAF1896A128004CD4B1 /* Debug */,
				934C9EB01896A128004CD4B1 /* Release */,
			);
			defaultConfigurationIsVisible = 0;
			defaultConfigurationName = Release;
		};
		934C9EB11896A128004CD4B1 /* Build configuration list for PBXNativeTarget "MK_SimpleApp" */ = {
			isa = XCConfigurationList;
			buildConfigurations = (
				934C9EB21896A128004CD4B1 /* Debug */,
				934C9EB31896A128004CD4B1 /* Release */,
			);
			defaultConfigurationIsVisible = 0;
			defaultConfigurationName = Release;
		};
		934C9EB41896A128004CD4B1 /* Build configuration list for PBXNativeTarget "MK_SimpleAppTests" */ = {
			isa = XCConfigurationList;
			buildConfigurations = (
				934C9EB51896A128004CD4B1 /* Debug */,
				934C9EB61896A128004CD4B1 /* Release */,
			);
			defaultConfigurationIsVisible = 0;
			defaultConfigurationName = Release;
		};
/* End XCConfigurationList section */
	};
	rootObject = 934C9E771896A128004CD4B1 /* Project object */;
}
