// !$*UTF8*$!
{
	archiveVersion = 1;
	classes = {
	};
	objectVersion = 46;
	objects = {

/* Begin PBXBuildFile section */
		932E3E8C183B3C5700582057 /* Foundation.framework in Frameworks */ = {isa = PBXBuildFile; fileRef = 932E3E8B183B3C5700582057 /* Foundation.framework */; };
		932E3E8E183B3C5700582057 /* CoreGraphics.framework in Frameworks */ = {isa = PBXBuildFile; fileRef = 932E3E8D183B3C5700582057 /* CoreGraphics.framework */; };
		932E3E90183B3C5700582057 /* UIKit.framework in Frameworks */ = {isa = PBXBuildFile; fileRef = 932E3E8F183B3C5700582057 /* UIKit.framework */; };
		932E3E96183B3C5700582057 /* InfoPlist.strings in Resources */ = {isa = PBXBuildFile; fileRef = 932E3E94183B3C5700582057 /* InfoPlist.strings */; };
		932E3E98183B3C5700582057 /* main.m in Sources */ = {isa = PBXBuildFile; fileRef = 932E3E97183B3C5700582057 /* main.m */; };
		932E3E9C183B3C5700582057 /* AppDelegate.m in Sources */ = {isa = PBXBuildFile; fileRef = 932E3E9B183B3C5700582057 /* AppDelegate.m */; };
		932E3E9F183B3C5700582057 /* Main.storyboard in Resources */ = {isa = PBXBuildFile; fileRef = 932E3E9D183B3C5700582057 /* Main.storyboard */; };
		932E3EA2183B3C5700582057 /* ViewController.m in Sources */ = {isa = PBXBuildFile; fileRef = 932E3EA1183B3C5700582057 /* ViewController.m */; };
		932E3EA4183B3C5700582057 /* Images.xcassets in Resources */ = {isa = PBXBuildFile; fileRef = 932E3EA3183B3C5700582057 /* Images.xcassets */; };
		932E3EAB183B3C5700582057 /* XCTest.framework in Frameworks */ = {isa = PBXBuildFile; fileRef = 932E3EAA183B3C5700582057 /* XCTest.framework */; };
		932E3EAC183B3C5700582057 /* Foundation.framework in Frameworks */ = {isa = PBXBuildFile; fileRef = 932E3E8B183B3C5700582057 /* Foundation.framework */; };
		932E3EAD183B3C5700582057 /* UIKit.framework in Frameworks */ = {isa = PBXBuildFile; fileRef = 932E3E8F183B3C5700582057 /* UIKit.framework */; };
		932E3EB5183B3C5700582057 /* InfoPlist.strings in Resources */ = {isa = PBXBuildFile; fileRef = 932E3EB3183B3C5700582057 /* InfoPlist.strings */; };
		932E3EB7183B3C5700582057 /* MK_DynamicTableViewCellTests.m in Sources */ = {isa = PBXBuildFile; fileRef = 932E3EB6183B3C5700582057 /* MK_DynamicTableViewCellTests.m */; };
		932E3EC2183B3C9700582057 /* CustomCell1.m in Sources */ = {isa = PBXBuildFile; fileRef = 932E3EC1183B3C9700582057 /* CustomCell1.m */; };
		932E3EC5183B3CBE00582057 /* CustomCell2.m in Sources */ = {isa = PBXBuildFile; fileRef = 932E3EC4183B3CBE00582057 /* CustomCell2.m */; };
/* End PBXBuildFile section */

/* Begin PBXContainerItemProxy section */
		932E3EAE183B3C5700582057 /* PBXContainerItemProxy */ = {
			isa = PBXContainerItemProxy;
			containerPortal = 932E3E80183B3C5700582057 /* Project object */;
			proxyType = 1;
			remoteGlobalIDString = 932E3E87183B3C5700582057;
			remoteInfo = MK_DynamicTableViewCell;
		};
/* End PBXContainerItemProxy section */

/* Begin PBXFileReference section */
		932E3E88183B3C5700582057 /* MK_DynamicTableViewCell.app */ = {isa = PBXFileReference; explicitFileType = wrapper.application; includeInIndex = 0; path = MK_DynamicTableViewCell.app; sourceTree = BUILT_PRODUCTS_DIR; };
		932E3E8B183B3C5700582057 /* Foundation.framework */ = {isa = PBXFileReference; lastKnownFileType = wrapper.framework; name = Foundation.framework; path = System/Library/Frameworks/Foundation.framework; sourceTree = SDKROOT; };
		932E3E8D183B3C5700582057 /* CoreGraphics.framework */ = {isa = PBXFileReference; lastKnownFileType = wrapper.framework; name = CoreGraphics.framework; path = System/Library/Frameworks/CoreGraphics.framework; sourceTree = SDKROOT; };
		932E3E8F183B3C5700582057 /* UIKit.framework */ = {isa = PBXFileReference; lastKnownFileType = wrapper.framework; name = UIKit.framework; path = System/Library/Frameworks/UIKit.framework; sourceTree = SDKROOT; };
		932E3E93183B3C5700582057 /* MK_DynamicTableViewCell-Info.plist */ = {isa = PBXFileReference; lastKnownFileType = text.plist.xml; path = "MK_DynamicTableViewCell-Info.plist"; sourceTree = "<group>"; };
		932E3E95183B3C5700582057 /* en */ = {isa = PBXFileReference; lastKnownFileType = text.plist.strings; name = en; path = en.lproj/InfoPlist.strings; sourceTree = "<group>"; };
		932E3E97183B3C5700582057 /* main.m */ = {isa = PBXFileReference; lastKnownFileType = sourcecode.c.objc; path = main.m; sourceTree = "<group>"; };
		932E3E99183B3C5700582057 /* MK_DynamicTableViewCell-Prefix.pch */ = {isa = PBXFileReference; lastKnownFileType = sourcecode.c.h; path = "MK_DynamicTableViewCell-Prefix.pch"; sourceTree = "<group>"; };
		932E3E9A183B3C5700582057 /* AppDelegate.h */ = {isa = PBXFileReference; lastKnownFileType = sourcecode.c.h; path = AppDelegate.h; sourceTree = "<group>"; };
		932E3E9B183B3C5700582057 /* AppDelegate.m */ = {isa = PBXFileReference; lastKnownFileType = sourcecode.c.objc; path = AppDelegate.m; sourceTree = "<group>"; };
		932E3E9E183B3C5700582057 /* Base */ = {isa = PBXFileReference; lastKnownFileType = file.storyboard; name = Base; path = Base.lproj/Main.storyboard; sourceTree = "<group>"; };
		932E3EA0183B3C5700582057 /* ViewController.h */ = {isa = PBXFileReference; lastKnownFileType = sourcecode.c.h; path = ViewController.h; sourceTree = "<group>"; };
		932E3EA1183B3C5700582057 /* ViewController.m */ = {isa = PBXFileReference; lastKnownFileType = sourcecode.c.objc; path = ViewController.m; sourceTree = "<group>"; };
		932E3EA3183B3C5700582057 /* Images.xcassets */ = {isa = PBXFileReference; lastKnownFileType = folder.assetcatalog; path = Images.xcassets; sourceTree = "<group>"; };
		932E3EA9183B3C5700582057 /* MK_DynamicTableViewCellTests.xctest */ = {isa = PBXFileReference; explicitFileType = wrapper.cfbundle; includeInIndex = 0; path = MK_DynamicTableViewCellTests.xctest; sourceTree = BUILT_PRODUCTS_DIR; };
		932E3EAA183B3C5700582057 /* XCTest.framework */ = {isa = PBXFileReference; lastKnownFileType = wrapper.framework; name = XCTest.framework; path = Library/Frameworks/XCTest.framework; sourceTree = DEVELOPER_DIR; };
		932E3EB2183B3C5700582057 /* MK_DynamicTableViewCellTests-Info.plist */ = {isa = PBXFileReference; lastKnownFileType = text.plist.xml; path = "MK_DynamicTableViewCellTests-Info.plist"; sourceTree = "<group>"; };
		932E3EB4183B3C5700582057 /* en */ = {isa = PBXFileReference; lastKnownFileType = text.plist.strings; name = en; path = en.lproj/InfoPlist.strings; sourceTree = "<group>"; };
		932E3EB6183B3C5700582057 /* MK_DynamicTableViewCellTests.m */ = {isa = PBXFileReference; lastKnownFileType = sourcecode.c.objc; path = MK_DynamicTableViewCellTests.m; sourceTree = "<group>"; };
		932E3EC0183B3C9700582057 /* CustomCell1.h */ = {isa = PBXFileReference; fileEncoding = 4; lastKnownFileType = sourcecode.c.h; path = CustomCell1.h; sourceTree = "<group>"; };
		932E3EC1183B3C9700582057 /* CustomCell1.m */ = {isa = PBXFileReference; fileEncoding = 4; lastKnownFileType = sourcecode.c.objc; path = CustomCell1.m; sourceTree = "<group>"; };
		932E3EC3183B3CBE00582057 /* CustomCell2.h */ = {isa = PBXFileReference; fileEncoding = 4; lastKnownFileType = sourcecode.c.h; path = CustomCell2.h; sourceTree = "<group>"; };
		932E3EC4183B3CBE00582057 /* CustomCell2.m */ = {isa = PBXFileReference; fileEncoding = 4; lastKnownFileType = sourcecode.c.objc; path = CustomCell2.m; sourceTree = "<group>"; };
/* End PBXFileReference section */

/* Begin PBXFrameworksBuildPhase section */
		932E3E85183B3C5700582057 /* Frameworks */ = {
			isa = PBXFrameworksBuildPhase;
			buildActionMask = 2147483647;
			files = (
				932E3E8E183B3C5700582057 /* CoreGraphics.framework in Frameworks */,
				932E3E90183B3C5700582057 /* UIKit.framework in Frameworks */,
				932E3E8C183B3C5700582057 /* Foundation.framework in Frameworks */,
			);
			runOnlyForDeploymentPostprocessing = 0;
		};
		932E3EA6183B3C5700582057 /* Frameworks */ = {
			isa = PBXFrameworksBuildPhase;
			buildActionMask = 2147483647;
			files = (
				932E3EAB183B3C5700582057 /* XCTest.framework in Frameworks */,
				932E3EAD183B3C5700582057 /* UIKit.framework in Frameworks */,
				932E3EAC183B3C5700582057 /* Foundation.framework in Frameworks */,
			);
			runOnlyForDeploymentPostprocessing = 0;
		};
/* End PBXFrameworksBuildPhase section */

/* Begin PBXGroup section */
		932E3E7F183B3C5700582057 = {
			isa = PBXGroup;
			children = (
				932E3E91183B3C5700582057 /* MK_DynamicTableViewCell */,
				932E3EB0183B3C5700582057 /* MK_DynamicTableViewCellTests */,
				932E3E8A183B3C5700582057 /* Frameworks */,
				932E3E89183B3C5700582057 /* Products */,
			);
			sourceTree = "<group>";
		};
		932E3E89183B3C5700582057 /* Products */ = {
			isa = PBXGroup;
			children = (
				932E3E88183B3C5700582057 /* MK_DynamicTableViewCell.app */,
				932E3EA9183B3C5700582057 /* MK_DynamicTableViewCellTests.xctest */,
			);
			name = Products;
			sourceTree = "<group>";
		};
		932E3E8A183B3C5700582057 /* Frameworks */ = {
			isa = PBXGroup;
			children = (
				932E3E8B183B3C5700582057 /* Foundation.framework */,
				932E3E8D183B3C5700582057 /* CoreGraphics.framework */,
				932E3E8F183B3C5700582057 /* UIKit.framework */,
				932E3EAA183B3C5700582057 /* XCTest.framework */,
			);
			name = Frameworks;
			sourceTree = "<group>";
		};
		932E3E91183B3C5700582057 /* MK_DynamicTableViewCell */ = {
			isa = PBXGroup;
			children = (
				932E3E9A183B3C5700582057 /* AppDelegate.h */,
				932E3E9B183B3C5700582057 /* AppDelegate.m */,
				932E3E9D183B3C5700582057 /* Main.storyboard */,
				932E3EA0183B3C5700582057 /* ViewController.h */,
				932E3EA1183B3C5700582057 /* ViewController.m */,
				932E3EA3183B3C5700582057 /* Images.xcassets */,
				932E3EC0183B3C9700582057 /* CustomCell1.h */,
				932E3EC1183B3C9700582057 /* CustomCell1.m */,
				932E3EC3183B3CBE00582057 /* CustomCell2.h */,
				932E3EC4183B3CBE00582057 /* CustomCell2.m */,
				932E3E92183B3C5700582057 /* Supporting Files */,
			);
			path = MK_DynamicTableViewCell;
			sourceTree = "<group>";
		};
		932E3E92183B3C5700582057 /* Supporting Files */ = {
			isa = PBXGroup;
			children = (
				932E3E93183B3C5700582057 /* MK_DynamicTableViewCell-Info.plist */,
				932E3E94183B3C5700582057 /* InfoPlist.strings */,
				932E3E97183B3C5700582057 /* main.m */,
				932E3E99183B3C5700582057 /* MK_DynamicTableViewCell-Prefix.pch */,
			);
			name = "Supporting Files";
			sourceTree = "<group>";
		};
		932E3EB0183B3C5700582057 /* MK_DynamicTableViewCellTests */ = {
			isa = PBXGroup;
			children = (
				932E3EB6183B3C5700582057 /* MK_DynamicTableViewCellTests.m */,
				932E3EB1183B3C5700582057 /* Supporting Files */,
			);
			path = MK_DynamicTableViewCellTests;
			sourceTree = "<group>";
		};
		932E3EB1183B3C5700582057 /* Supporting Files */ = {
			isa = PBXGroup;
			children = (
				932E3EB2183B3C5700582057 /* MK_DynamicTableViewCellTests-Info.plist */,
				932E3EB3183B3C5700582057 /* InfoPlist.strings */,
			);
			name = "Supporting Files";
			sourceTree = "<group>";
		};
/* End PBXGroup section */

/* Begin PBXNativeTarget section */
		932E3E87183B3C5700582057 /* MK_DynamicTableViewCell */ = {
			isa = PBXNativeTarget;
			buildConfigurationList = 932E3EBA183B3C5700582057 /* Build configuration list for PBXNativeTarget "MK_DynamicTableViewCell" */;
			buildPhases = (
				932E3E84183B3C5700582057 /* Sources */,
				932E3E85183B3C5700582057 /* Frameworks */,
				932E3E86183B3C5700582057 /* Resources */,
			);
			buildRules = (
			);
			dependencies = (
			);
			name = MK_DynamicTableViewCell;
			productName = MK_DynamicTableViewCell;
			productReference = 932E3E88183B3C5700582057 /* MK_DynamicTableViewCell.app */;
			productType = "com.apple.product-type.application";
		};
		932E3EA8183B3C5700582057 /* MK_DynamicTableViewCellTests */ = {
			isa = PBXNativeTarget;
			buildConfigurationList = 932E3EBD183B3C5700582057 /* Build configuration list for PBXNativeTarget "MK_DynamicTableViewCellTests" */;
			buildPhases = (
				932E3EA5183B3C5700582057 /* Sources */,
				932E3EA6183B3C5700582057 /* Frameworks */,
				932E3EA7183B3C5700582057 /* Resources */,
			);
			buildRules = (
			);
			dependencies = (
				932E3EAF183B3C5700582057 /* PBXTargetDependency */,
			);
			name = MK_DynamicTableViewCellTests;
			productName = MK_DynamicTableViewCellTests;
			productReference = 932E3EA9183B3C5700582057 /* MK_DynamicTableViewCellTests.xctest */;
			productType = "com.apple.product-type.bundle.unit-test";
		};
/* End PBXNativeTarget section */

/* Begin PBXProject section */
		932E3E80183B3C5700582057 /* Project object */ = {
			isa = PBXProject;
			attributes = {
				LastUpgradeCheck = 0500;
				ORGANIZATIONNAME = MK;
				TargetAttributes = {
					932E3EA8183B3C5700582057 = {
						TestTargetID = 932E3E87183B3C5700582057;
					};
				};
			};
			buildConfigurationList = 932E3E83183B3C5700582057 /* Build configuration list for PBXProject "MK_DynamicTableViewCell" */;
			compatibilityVersion = "Xcode 3.2";
			developmentRegion = English;
			hasScannedForEncodings = 0;
			knownRegions = (
				en,
				Base,
			);
			mainGroup = 932E3E7F183B3C5700582057;
			productRefGroup = 932E3E89183B3C5700582057 /* Products */;
			projectDirPath = "";
			projectRoot = "";
			targets = (
				932E3E87183B3C5700582057 /* MK_DynamicTableViewCell */,
				932E3EA8183B3C5700582057 /* MK_DynamicTableViewCellTests */,
			);
		};
/* End PBXProject section */

/* Begin PBXResourcesBuildPhase section */
		932E3E86183B3C5700582057 /* Resources */ = {
			isa = PBXResourcesBuildPhase;
			buildActionMask = 2147483647;
			files = (
				932E3EA4183B3C5700582057 /* Images.xcassets in Resources */,
				932E3E96183B3C5700582057 /* InfoPlist.strings in Resources */,
				932E3E9F183B3C5700582057 /* Main.storyboard in Resources */,
			);
			runOnlyForDeploymentPostprocessing = 0;
		};
		932E3EA7183B3C5700582057 /* Resources */ = {
			isa = PBXResourcesBuildPhase;
			buildActionMask = 2147483647;
			files = (
				932E3EB5183B3C5700582057 /* InfoPlist.strings in Resources */,
			);
			runOnlyForDeploymentPostprocessing = 0;
		};
/* End PBXResourcesBuildPhase section */

/* Begin PBXSourcesBuildPhase section */
		932E3E84183B3C5700582057 /* Sources */ = {
			isa = PBXSourcesBuildPhase;
			buildActionMask = 2147483647;
			files = (
				932E3EC2183B3C9700582057 /* CustomCell1.m in Sources */,
				932E3EC5183B3CBE00582057 /* CustomCell2.m in Sources */,
				932E3EA2183B3C5700582057 /* ViewController.m in Sources */,
				932E3E9C183B3C5700582057 /* AppDelegate.m in Sources */,
				932E3E98183B3C5700582057 /* main.m in Sources */,
			);
			runOnlyForDeploymentPostprocessing = 0;
		};
		932E3EA5183B3C5700582057 /* Sources */ = {
			isa = PBXSourcesBuildPhase;
			buildActionMask = 2147483647;
			files = (
				932E3EB7183B3C5700582057 /* MK_DynamicTableViewCellTests.m in Sources */,
			);
			runOnlyForDeploymentPostprocessing = 0;
		};
/* End PBXSourcesBuildPhase section */

/* Begin PBXTargetDependency section */
		932E3EAF183B3C5700582057 /* PBXTargetDependency */ = {
			isa = PBXTargetDependency;
			target = 932E3E87183B3C5700582057 /* MK_DynamicTableViewCell */;
			targetProxy = 932E3EAE183B3C5700582057 /* PBXContainerItemProxy */;
		};
/* End PBXTargetDependency section */

/* Begin PBXVariantGroup section */
		932E3E94183B3C5700582057 /* InfoPlist.strings */ = {
			isa = PBXVariantGroup;
			children = (
				932E3E95183B3C5700582057 /* en */,
			);
			name = InfoPlist.strings;
			sourceTree = "<group>";
		};
		932E3E9D183B3C5700582057 /* Main.storyboard */ = {
			isa = PBXVariantGroup;
			children = (
				932E3E9E183B3C5700582057 /* Base */,
			);
			name = Main.storyboard;
			sourceTree = "<group>";
		};
		932E3EB3183B3C5700582057 /* InfoPlist.strings */ = {
			isa = PBXVariantGroup;
			children = (
				932E3EB4183B3C5700582057 /* en */,
			);
			name = InfoPlist.strings;
			sourceTree = "<group>";
		};
/* End PBXVariantGroup section */

/* Begin XCBuildConfiguration section */
		932E3EB8183B3C5700582057 /* Debug */ = {
			isa = XCBuildConfiguration;
			buildSettings = {
				ALWAYS_SEARCH_USER_PATHS = NO;
				ARCHS = "$(ARCHS_STANDARD_INCLUDING_64_BIT)";
				CLANG_CXX_LANGUAGE_STANDARD = "gnu++0x";
				CLANG_CXX_LIBRARY = "libc++";
				CLANG_ENABLE_MODULES = YES;
				CLANG_ENABLE_OBJC_ARC = YES;
				CLANG_WARN_BOOL_CONVERSION = YES;
				CLANG_WARN_CONSTANT_CONVERSION = YES;
				CLANG_WARN_DIRECT_OBJC_ISA_USAGE = YES_ERROR;
				CLANG_WARN_EMPTY_BODY = YES;
				CLANG_WARN_ENUM_CONVERSION = YES;
				CLANG_WARN_INT_CONVERSION = YES;
				CLANG_WARN_OBJC_ROOT_CLASS = YES_ERROR;
				CLANG_WARN__DUPLICATE_METHOD_MATCH = YES;
				"CODE_SIGN_IDENTITY[sdk=iphoneos*]" = "iPhone Developer";
				COPY_PHASE_STRIP = NO;
				GCC_C_LANGUAGE_STANDARD = gnu99;
				GCC_DYNAMIC_NO_PIC = NO;
				GCC_OPTIMIZATION_LEVEL = 0;
				GCC_PREPROCESSOR_DEFINITIONS = (
					"DEBUG=1",
					"$(inherited)",
				);
				GCC_SYMBOLS_PRIVATE_EXTERN = NO;
				GCC_WARN_64_TO_32_BIT_CONVERSION = YES;
				GCC_WARN_ABOUT_RETURN_TYPE = YES_ERROR;
				GCC_WARN_UNDECLARED_SELECTOR = YES;
				GCC_WARN_UNINITIALIZED_AUTOS = YES;
				GCC_WARN_UNUSED_FUNCTION = YES;
				GCC_WARN_UNUSED_VARIABLE = YES;
				IPHONEOS_DEPLOYMENT_TARGET = 7.0;
				ONLY_ACTIVE_ARCH = YES;
				SDKROOT = iphoneos;
			};
			name = Debug;
		};
		932E3EB9183B3C5700582057 /* Release */ = {
			isa = XCBuildConfiguration;
			buildSettings = {
				ALWAYS_SEARCH_USER_PATHS = NO;
				ARCHS = "$(ARCHS_STANDARD_INCLUDING_64_BIT)";
				CLANG_CXX_LANGUAGE_STANDARD = "gnu++0x";
				CLANG_CXX_LIBRARY = "libc++";
				CLANG_ENABLE_MODULES = YES;
				CLANG_ENABLE_OBJC_ARC = YES;
				CLANG_WARN_BOOL_CONVERSION = YES;
				CLANG_WARN_CONSTANT_CONVERSION = YES;
				CLANG_WARN_DIRECT_OBJC_ISA_USAGE = YES_ERROR;
				CLANG_WARN_EMPTY_BODY = YES;
				CLANG_WARN_ENUM_CONVERSION = YES;
				CLANG_WARN_INT_CONVERSION = YES;
				CLANG_WARN_OBJC_ROOT_CLASS = YES_ERROR;
				CLANG_WARN__DUPLICATE_METHOD_MATCH = YES;
				"CODE_SIGN_IDENTITY[sdk=iphoneos*]" = "iPhone Developer";
				COPY_PHASE_STRIP = YES;
				ENABLE_NS_ASSERTIONS = NO;
				GCC_C_LANGUAGE_STANDARD = gnu99;
				GCC_WARN_64_TO_32_BIT_CONVERSION = YES;
				GCC_WARN_ABOUT_RETURN_TYPE = YES_ERROR;
				GCC_WARN_UNDECLARED_SELECTOR = YES;
				GCC_WARN_UNINITIALIZED_AUTOS = YES;
				GCC_WARN_UNUSED_FUNCTION = YES;
				GCC_WARN_UNUSED_VARIABLE = YES;
				IPHONEOS_DEPLOYMENT_TARGET = 7.0;
				SDKROOT = iphoneos;
				VALIDATE_PRODUCT = YES;
			};
			name = Release;
		};
		932E3EBB183B3C5700582057 /* Debug */ = {
			isa = XCBuildConfiguration;
			buildSettings = {
				ASSETCATALOG_COMPILER_APPICON_NAME = AppIcon;
				ASSETCATALOG_COMPILER_LAUNCHIMAGE_NAME = LaunchImage;
				GCC_PRECOMPILE_PREFIX_HEADER = YES;
				GCC_PREFIX_HEADER = "MK_DynamicTableViewCell/MK_DynamicTableViewCell-Prefix.pch";
				INFOPLIST_FILE = "MK_DynamicTableViewCell/MK_DynamicTableViewCell-Info.plist";
				IPHONEOS_DEPLOYMENT_TARGET = 6.1;
				PRODUCT_NAME = "$(TARGET_NAME)";
				WRAPPER_EXTENSION = app;
			};
			name = Debug;
		};
		932E3EBC183B3C5700582057 /* Release */ = {
			isa = XCBuildConfiguration;
			buildSettings = {
				ASSETCATALOG_COMPILER_APPICON_NAME = AppIcon;
				ASSETCATALOG_COMPILER_LAUNCHIMAGE_NAME = LaunchImage;
				GCC_PRECOMPILE_PREFIX_HEADER = YES;
				GCC_PREFIX_HEADER = "MK_DynamicTableViewCell/MK_DynamicTableViewCell-Prefix.pch";
				INFOPLIST_FILE = "MK_DynamicTableViewCell/MK_DynamicTableViewCell-Info.plist";
				IPHONEOS_DEPLOYMENT_TARGET = 6.1;
				PRODUCT_NAME = "$(TARGET_NAME)";
				WRAPPER_EXTENSION = app;
			};
			name = Release;
		};
		932E3EBE183B3C5700582057 /* Debug */ = {
			isa = XCBuildConfiguration;
			buildSettings = {
				ARCHS = "$(ARCHS_STANDARD_INCLUDING_64_BIT)";
				BUNDLE_LOADER = "$(BUILT_PRODUCTS_DIR)/MK_DynamicTableViewCell.app/MK_DynamicTableViewCell";
				FRAMEWORK_SEARCH_PATHS = (
					"$(SDKROOT)/Developer/Library/Frameworks",
					"$(inherited)",
					"$(DEVELOPER_FRAMEWORKS_DIR)",
				);
				GCC_PRECOMPILE_PREFIX_HEADER = YES;
				GCC_PREFIX_HEADER = "MK_DynamicTableViewCell/MK_DynamicTableViewCell-Prefix.pch";
				GCC_PREPROCESSOR_DEFINITIONS = (
					"DEBUG=1",
					"$(inherited)",
				);
				INFOPLIST_FILE = "MK_DynamicTableViewCellTests/MK_DynamicTableViewCellTests-Info.plist";
				PRODUCT_NAME = "$(TARGET_NAME)";
				TEST_HOST = "$(BUNDLE_LOADER)";
				WRAPPER_EXTENSION = xctest;
			};
			name = Debug;
		};
		932E3EBF183B3C5700582057 /* Release */ = {
			isa = XCBuildConfiguration;
			buildSettings = {
				ARCHS = "$(ARCHS_STANDARD_INCLUDING_64_BIT)";
				BUNDLE_LOADER = "$(BUILT_PRODUCTS_DIR)/MK_DynamicTableViewCell.app/MK_DynamicTableViewCell";
				FRAMEWORK_SEARCH_PATHS = (
					"$(SDKROOT)/Developer/Library/Frameworks",
					"$(inherited)",
					"$(DEVELOPER_FRAMEWORKS_DIR)",
				);
				GCC_PRECOMPILE_PREFIX_HEADER = YES;
				GCC_PREFIX_HEADER = "MK_DynamicTableViewCell/MK_DynamicTableViewCell-Prefix.pch";
				INFOPLIST_FILE = "MK_DynamicTableViewCellTests/MK_DynamicTableViewCellTests-Info.plist";
				PRODUCT_NAME = "$(TARGET_NAME)";
				TEST_HOST = "$(BUNDLE_LOADER)";
				WRAPPER_EXTENSION = xctest;
			};
			name = Release;
		};
/* End XCBuildConfiguration section */

/* Begin XCConfigurationList section */
		932E3E83183B3C5700582057 /* Build configuration list for PBXProject "MK_DynamicTableViewCell" */ = {
			isa = XCConfigurationList;
			buildConfigurations = (
				932E3EB8183B3C5700582057 /* Debug */,
				932E3EB9183B3C5700582057 /* Release */,
			);
			defaultConfigurationIsVisible = 0;
			defaultConfigurationName = Release;
		};
		932E3EBA183B3C5700582057 /* Build configuration list for PBXNativeTarget "MK_DynamicTableViewCell" */ = {
			isa = XCConfigurationList;
			buildConfigurations = (
				932E3EBB183B3C5700582057 /* Debug */,
				932E3EBC183B3C5700582057 /* Release */,
			);
			defaultConfigurationIsVisible = 0;
		};
		932E3EBD183B3C5700582057 /* Build configuration list for PBXNativeTarget "MK_DynamicTableViewCellTests" */ = {
			isa = XCConfigurationList;
			buildConfigurations = (
				932E3EBE183B3C5700582057 /* Debug */,
				932E3EBF183B3C5700582057 /* Release */,
			);
			defaultConfigurationIsVisible = 0;
		};
/* End XCConfigurationList section */
	};
	rootObject = 932E3E80183B3C5700582057 /* Project object */;
}
